{
  "name": "nlw-expert",
  "lockfileVersion": 3,
  "requires": true,
  "packages": {
    "": {
      "devDependencies": {
        "@types/dom-speech-recognition": "^0.0.4"
      }
    },
    "node_modules/@types/dom-speech-recognition": {
      "version": "0.0.4",
      "resolved": "https://registry.npmjs.org/@types/dom-speech-recognition/-/dom-speech-recognition-0.0.4.tgz",
      "integrity": "sha512-zf2GwV/G6TdaLwpLDcGTIkHnXf8JEf/viMux+khqKQKDa8/8BAUtXXZS563GnvJ4Fg0PBLGAaFf2GekEVSZ6GQ==",
      "dev": true
    }
  }
}
